
Microsoft Visual Studio Solution File, Format Version 11.00
# Visual Studio 2010
Project("{FAE04EC0-301F-11D3-BF4B-00C04F79EFBC}") = "SQL Script Runner", "SQL Script Runner\SQL Script Runner.csproj", "{F5BD1379-6A39-492E-9680-B05EBF1BB4E7}"
EndProject
Global
	GlobalSection(TeamFoundationVersionControl) = preSolution
		SccNumberOfProjects = 2
		SccEnterpriseProvider = {4CA58AB2-18FA-4F8D-95D4-32DDF27D184C}
		SccTeamFoundationServer = https://tfs.codeplex.com/tfs/tfs26
		SccLocalPath0 = .
		SccProjectUniqueName1 = SQL\u0020Runner\\SQL\u0020Script\u0020Runner.csproj
		SccProjectName1 = SQL\u0020Runner
		SccLocalPath1 = SQL\u0020Runner
	EndGlobalSection
	GlobalSection(SolutionConfigurationPlatforms) = preSolution
		Debug|x86 = Debug|x86
		Release|x86 = Release|x86
	EndGlobalSection
	GlobalSection(ProjectConfigurationPlatforms) = postSolution
		{F5BD1379-6A39-492E-9680-B05EBF1BB4E7}.Debug|x86.ActiveCfg = Debug|x86
		{F5BD1379-6A39-492E-9680-B05EBF1BB4E7}.Debug|x86.Build.0 = Debug|x86
		{F5BD1379-6A39-492E-9680-B05EBF1BB4E7}.Release|x86.ActiveCfg = Release|x86
		{F5BD1379-6A39-492E-9680-B05EBF1BB4E7}.Release|x86.Build.0 = Release|x86
	EndGlobalSection
	GlobalSection(SolutionProperties) = preSolution
		HideSolutionNode = FALSE
	EndGlobalSection
EndGlobal
